// !$*UTF8*$!
{
	archiveVersion = 1;
	classes = {
	};
	objectVersion = 77;
	objects = {

/* Begin PBXBuildFile section */
		8C9A9BD02DB0CE800027DD32 /* ImageSegmentation.cpp in Sources */ = {isa = PBXBuildFile; fileRef = 8C9A9BCA2DB0CE800027DD32 /* ImageSegmentation.cpp */; };
		8C9A9BD12DB0CE800027DD32 /* RuntimeLifecycleMonitor.cpp in Sources */ = {isa = PBXBuildFile; fileRef = 8C9A9BC72DB0CE800027DD32 /* RuntimeLifecycleMonitor.cpp */; };
		8C9A9BD22DB0CE800027DD32 /* JsiHostObject.cpp in Sources */ = {isa = PBXBuildFile; fileRef = 8C9A9BC22DB0CE800027DD32 /* JsiHostObject.cpp */; };
		8C9A9BD32DB0CE800027DD32 /* JsiPromise.cpp in Sources */ = {isa = PBXBuildFile; fileRef = 8C9A9BC42DB0CE800027DD32 /* JsiPromise.cpp */; };
/* End PBXBuildFile section */

/* Begin PBXCopyFilesBuildPhase section */
		550986872CEF541900FECBB8 /* CopyFiles */ = {
			isa = PBXCopyFilesBuildPhase;
			buildActionMask = 2147483647;
			dstPath = "include/$(PRODUCT_NAME)";
			dstSubfolderSpec = 16;
			files = (
			);
			runOnlyForDeploymentPostprocessing = 0;
		};
/* End PBXCopyFilesBuildPhase section */

/* Begin PBXFileReference section */
		550986892CEF541900FECBB8 /* libRnExecutorch.a */ = {isa = PBXFileReference; explicitFileType = archive.ar; includeInIndex = 0; path = libRnExecutorch.a; sourceTree = BUILT_PRODUCTS_DIR; };
		55D6EA8B2D0987D2009BA408 /* ExecutorchLib.xcframework */ = {isa = PBXFileReference; lastKnownFileType = wrapper.xcframework; path = ExecutorchLib.xcframework; sourceTree = "<group>"; };
		8C9A9BBF2DB0CE800027DD32 /* ModelHostObject.h */ = {isa = PBXFileReference; lastKnownFileType = sourcecode.c.h; path = ModelHostObject.h; sourceTree = "<group>"; };
		8C9A9BC12DB0CE800027DD32 /* JsiHostObject.h */ = {isa = PBXFileReference; lastKnownFileType = sourcecode.c.h; path = JsiHostObject.h; sourceTree = "<group>"; };
		8C9A9BC22DB0CE800027DD32 /* JsiHostObject.cpp */ = {isa = PBXFileReference; lastKnownFileType = sourcecode.cpp.cpp; path = JsiHostObject.cpp; sourceTree = "<group>"; };
		8C9A9BC32DB0CE800027DD32 /* JsiPromise.h */ = {isa = PBXFileReference; lastKnownFileType = sourcecode.c.h; path = JsiPromise.h; sourceTree = "<group>"; };
		8C9A9BC42DB0CE800027DD32 /* JsiPromise.cpp */ = {isa = PBXFileReference; lastKnownFileType = sourcecode.cpp.cpp; path = JsiPromise.cpp; sourceTree = "<group>"; };
		8C9A9BC52DB0CE800027DD32 /* RuntimeAwareCache.h */ = {isa = PBXFileReference; lastKnownFileType = sourcecode.c.h; path = RuntimeAwareCache.h; sourceTree = "<group>"; };
		8C9A9BC62DB0CE800027DD32 /* RuntimeLifecycleMonitor.h */ = {isa = PBXFileReference; lastKnownFileType = sourcecode.c.h; path = RuntimeLifecycleMonitor.h; sourceTree = "<group>"; };
		8C9A9BC72DB0CE800027DD32 /* RuntimeLifecycleMonitor.cpp */ = {isa = PBXFileReference; lastKnownFileType = sourcecode.cpp.cpp; path = RuntimeLifecycleMonitor.cpp; sourceTree = "<group>"; };
		8C9A9BC92DB0CE800027DD32 /* ImageSegmentation.h */ = {isa = PBXFileReference; lastKnownFileType = sourcecode.c.h; path = ImageSegmentation.h; sourceTree = "<group>"; };
		8C9A9BCA2DB0CE800027DD32 /* ImageSegmentation.cpp */ = {isa = PBXFileReference; lastKnownFileType = sourcecode.cpp.cpp; path = ImageSegmentation.cpp; sourceTree = "<group>"; };
		8C9A9BCC2DB0CE800027DD32 /* Log.h */ = {isa = PBXFileReference; lastKnownFileType = sourcecode.c.h; path = Log.h; sourceTree = "<group>"; };
		8C9A9BCD2DB0CE800027DD32 /* RnExecutorchInstaller.h */ = {isa = PBXFileReference; lastKnownFileType = sourcecode.c.h; path = RnExecutorchInstaller.h; sourceTree = "<group>"; };
/* End PBXFileReference section */

/* Begin PBXFileSystemSynchronizedRootGroup section */
		5509868B2CEF541900FECBB8 /* RnExecutorch */ = {
			isa = PBXFileSystemSynchronizedRootGroup;
			path = RnExecutorch;
			sourceTree = "<group>";
		};
/* End PBXFileSystemSynchronizedRootGroup section */

/* Begin PBXFrameworksBuildPhase section */
		550986862CEF541900FECBB8 /* Frameworks */ = {
			isa = PBXFrameworksBuildPhase;
			buildActionMask = 2147483647;
			files = (
			);
			runOnlyForDeploymentPostprocessing = 0;
		};
/* End PBXFrameworksBuildPhase section */

/* Begin PBXGroup section */
		550986802CEF541900FECBB8 = {
			isa = PBXGroup;
			children = (
				8C9A9BCF2DB0CE800027DD32 /* common */,
				5509868B2CEF541900FECBB8 /* RnExecutorch */,
				55D6EA8A2D0987D2009BA408 /* Frameworks */,
				5509868A2CEF541900FECBB8 /* Products */,
			);
			sourceTree = "<group>";
		};
		5509868A2CEF541900FECBB8 /* Products */ = {
			isa = PBXGroup;
			children = (
				550986892CEF541900FECBB8 /* libRnExecutorch.a */,
			);
			name = Products;
			sourceTree = "<group>";
		};
		55D6EA8A2D0987D2009BA408 /* Frameworks */ = {
			isa = PBXGroup;
			children = (
				55D6EA8B2D0987D2009BA408 /* ExecutorchLib.xcframework */,
			);
			name = Frameworks;
			sourceTree = "<group>";
		};
		8C9A9BC02DB0CE800027DD32 /* host_objects */ = {
			isa = PBXGroup;
			children = (
				8C9A9BBF2DB0CE800027DD32 /* ModelHostObject.h */,
			);
			path = host_objects;
			sourceTree = "<group>";
		};
		8C9A9BC82DB0CE800027DD32 /* jsi */ = {
			isa = PBXGroup;
			children = (
				8C9A9BC12DB0CE800027DD32 /* JsiHostObject.h */,
				8C9A9BC22DB0CE800027DD32 /* JsiHostObject.cpp */,
				8C9A9BC32DB0CE800027DD32 /* JsiPromise.h */,
				8C9A9BC42DB0CE800027DD32 /* JsiPromise.cpp */,
				8C9A9BC52DB0CE800027DD32 /* RuntimeAwareCache.h */,
				8C9A9BC62DB0CE800027DD32 /* RuntimeLifecycleMonitor.h */,
				8C9A9BC72DB0CE800027DD32 /* RuntimeLifecycleMonitor.cpp */,
			);
			path = jsi;
			sourceTree = "<group>";
		};
		8C9A9BCB2DB0CE800027DD32 /* modules */ = {
			isa = PBXGroup;
			children = (
				8C9A9BC92DB0CE800027DD32 /* ImageSegmentation.h */,
				8C9A9BCA2DB0CE800027DD32 /* ImageSegmentation.cpp */,
			);
			path = modules;
			sourceTree = "<group>";
		};
		8C9A9BCE2DB0CE800027DD32 /* rnexecutorch */ = {
			isa = PBXGroup;
			children = (
				8C9A9BC02DB0CE800027DD32 /* host_objects */,
				8C9A9BC82DB0CE800027DD32 /* jsi */,
				8C9A9BCB2DB0CE800027DD32 /* modules */,
				8C9A9BCC2DB0CE800027DD32 /* Log.h */,
				8C9A9BCD2DB0CE800027DD32 /* RnExecutorchInstaller.h */,
			);
			path = rnexecutorch;
			sourceTree = "<group>";
		};
		8C9A9BCF2DB0CE800027DD32 /* common */ = {
			isa = PBXGroup;
			children = (
				8C9A9BCE2DB0CE800027DD32 /* rnexecutorch */,
			);
			name = common;
			path = ../common;
			sourceTree = SOURCE_ROOT;
		};
/* End PBXGroup section */

/* Begin PBXNativeTarget section */
		550986882CEF541900FECBB8 /* RnExecutorch */ = {
			isa = PBXNativeTarget;
			buildConfigurationList = 550986932CEF541900FECBB8 /* Build configuration list for PBXNativeTarget "RnExecutorch" */;
			buildPhases = (
				550986852CEF541900FECBB8 /* Sources */,
				550986862CEF541900FECBB8 /* Frameworks */,
				550986872CEF541900FECBB8 /* CopyFiles */,
			);
			buildRules = (
			);
			dependencies = (
			);
			fileSystemSynchronizedGroups = (
				5509868B2CEF541900FECBB8 /* RnExecutorch */,
			);
			name = RnExecutorch;
			productName = RnExecutorch;
			productReference = 550986892CEF541900FECBB8 /* libRnExecutorch.a */;
			productType = "com.apple.product-type.library.static";
		};
/* End PBXNativeTarget section */

/* Begin PBXProject section */
		550986812CEF541900FECBB8 /* Project object */ = {
			isa = PBXProject;
			attributes = {
				BuildIndependentTargetsInParallel = 1;
				LastUpgradeCheck = 1610;
				TargetAttributes = {
					550986882CEF541900FECBB8 = {
						CreatedOnToolsVersion = 16.1;
						LastSwiftMigration = 1610;
					};
				};
			};
			buildConfigurationList = 550986842CEF541900FECBB8 /* Build configuration list for PBXProject "RnExecutorch" */;
			developmentRegion = en;
			hasScannedForEncodings = 0;
			knownRegions = (
				en,
				Base,
			);
			mainGroup = 550986802CEF541900FECBB8;
			minimizedProjectReferenceProxies = 1;
			preferredProjectObjectVersion = 77;
			productRefGroup = 5509868A2CEF541900FECBB8 /* Products */;
			projectDirPath = "";
			projectRoot = "";
			targets = (
				550986882CEF541900FECBB8 /* RnExecutorch */,
			);
		};
/* End PBXProject section */

/* Begin PBXSourcesBuildPhase section */
		550986852CEF541900FECBB8 /* Sources */ = {
			isa = PBXSourcesBuildPhase;
			buildActionMask = 2147483647;
			files = (
				8C9A9BD02DB0CE800027DD32 /* ImageSegmentation.cpp in Sources */,
				8C9A9BD12DB0CE800027DD32 /* RuntimeLifecycleMonitor.cpp in Sources */,
				8C9A9BD22DB0CE800027DD32 /* JsiHostObject.cpp in Sources */,
				8C9A9BD32DB0CE800027DD32 /* JsiPromise.cpp in Sources */,
			);
			runOnlyForDeploymentPostprocessing = 0;
		};
/* End PBXSourcesBuildPhase section */

/* Begin XCBuildConfiguration section */
		550986912CEF541900FECBB8 /* Debug */ = {
			isa = XCBuildConfiguration;
			buildSettings = {
				ALWAYS_SEARCH_USER_PATHS = NO;
				ASSETCATALOG_COMPILER_GENERATE_SWIFT_ASSET_SYMBOL_EXTENSIONS = YES;
				CLANG_ANALYZER_NONNULL = YES;
				CLANG_ANALYZER_NUMBER_OBJECT_CONVERSION = YES_AGGRESSIVE;
				CLANG_CXX_LANGUAGE_STANDARD = "gnu++20";
				CLANG_ENABLE_MODULES = YES;
				CLANG_ENABLE_OBJC_ARC = YES;
				CLANG_ENABLE_OBJC_WEAK = YES;
				CLANG_WARN_BLOCK_CAPTURE_AUTORELEASING = YES;
				CLANG_WARN_BOOL_CONVERSION = YES;
				CLANG_WARN_COMMA = YES;
				CLANG_WARN_CONSTANT_CONVERSION = YES;
				CLANG_WARN_DEPRECATED_OBJC_IMPLEMENTATIONS = YES;
				CLANG_WARN_DIRECT_OBJC_ISA_USAGE = YES_ERROR;
				CLANG_WARN_DOCUMENTATION_COMMENTS = YES;
				CLANG_WARN_EMPTY_BODY = YES;
				CLANG_WARN_ENUM_CONVERSION = YES;
				CLANG_WARN_INFINITE_RECURSION = YES;
				CLANG_WARN_INT_CONVERSION = YES;
				CLANG_WARN_NON_LITERAL_NULL_CONVERSION = YES;
				CLANG_WARN_OBJC_IMPLICIT_RETAIN_SELF = YES;
				CLANG_WARN_OBJC_LITERAL_CONVERSION = YES;
				CLANG_WARN_OBJC_ROOT_CLASS = YES_ERROR;
				CLANG_WARN_QUOTED_INCLUDE_IN_FRAMEWORK_HEADER = YES;
				CLANG_WARN_RANGE_LOOP_ANALYSIS = YES;
				CLANG_WARN_STRICT_PROTOTYPES = YES;
				CLANG_WARN_SUSPICIOUS_MOVE = YES;
				CLANG_WARN_UNGUARDED_AVAILABILITY = YES_AGGRESSIVE;
				CLANG_WARN_UNREACHABLE_CODE = YES;
				CLANG_WARN__DUPLICATE_METHOD_MATCH = YES;
				COPY_PHASE_STRIP = NO;
				DEBUG_INFORMATION_FORMAT = dwarf;
				ENABLE_STRICT_OBJC_MSGSEND = YES;
				ENABLE_TESTABILITY = YES;
				ENABLE_USER_SCRIPT_SANDBOXING = YES;
				GCC_C_LANGUAGE_STANDARD = gnu17;
				GCC_DYNAMIC_NO_PIC = NO;
				GCC_NO_COMMON_BLOCKS = YES;
				GCC_OPTIMIZATION_LEVEL = 0;
				GCC_PREPROCESSOR_DEFINITIONS = (
					"DEBUG=1",
					"$(inherited)",
				);
				GCC_WARN_64_TO_32_BIT_CONVERSION = YES;
				GCC_WARN_ABOUT_RETURN_TYPE = YES_ERROR;
				GCC_WARN_UNDECLARED_SELECTOR = YES;
				GCC_WARN_UNINITIALIZED_AUTOS = YES_AGGRESSIVE;
				GCC_WARN_UNUSED_FUNCTION = YES;
				GCC_WARN_UNUSED_VARIABLE = YES;
				IPHONEOS_DEPLOYMENT_TARGET = 18.1;
				LOCALIZATION_PREFERS_STRING_CATALOGS = YES;
				MTL_ENABLE_DEBUG_INFO = INCLUDE_SOURCE;
				MTL_FAST_MATH = YES;
				ONLY_ACTIVE_ARCH = YES;
				SDKROOT = iphoneos;
			};
			name = Debug;
		};
		550986922CEF541900FECBB8 /* Release */ = {
			isa = XCBuildConfiguration;
			buildSettings = {
				ALWAYS_SEARCH_USER_PATHS = NO;
				ASSETCATALOG_COMPILER_GENERATE_SWIFT_ASSET_SYMBOL_EXTENSIONS = YES;
				CLANG_ANALYZER_NONNULL = YES;
				CLANG_ANALYZER_NUMBER_OBJECT_CONVERSION = YES_AGGRESSIVE;
				CLANG_CXX_LANGUAGE_STANDARD = "gnu++20";
				CLANG_ENABLE_MODULES = YES;
				CLANG_ENABLE_OBJC_ARC = YES;
				CLANG_ENABLE_OBJC_WEAK = YES;
				CLANG_WARN_BLOCK_CAPTURE_AUTORELEASING = YES;
				CLANG_WARN_BOOL_CONVERSION = YES;
				CLANG_WARN_COMMA = YES;
				CLANG_WARN_CONSTANT_CONVERSION = YES;
				CLANG_WARN_DEPRECATED_OBJC_IMPLEMENTATIONS = YES;
				CLANG_WARN_DIRECT_OBJC_ISA_USAGE = YES_ERROR;
				CLANG_WARN_DOCUMENTATION_COMMENTS = YES;
				CLANG_WARN_EMPTY_BODY = YES;
				CLANG_WARN_ENUM_CONVERSION = YES;
				CLANG_WARN_INFINITE_RECURSION = YES;
				CLANG_WARN_INT_CONVERSION = YES;
				CLANG_WARN_NON_LITERAL_NULL_CONVERSION = YES;
				CLANG_WARN_OBJC_IMPLICIT_RETAIN_SELF = YES;
				CLANG_WARN_OBJC_LITERAL_CONVERSION = YES;
				CLANG_WARN_OBJC_ROOT_CLASS = YES_ERROR;
				CLANG_WARN_QUOTED_INCLUDE_IN_FRAMEWORK_HEADER = YES;
				CLANG_WARN_RANGE_LOOP_ANALYSIS = YES;
				CLANG_WARN_STRICT_PROTOTYPES = YES;
				CLANG_WARN_SUSPICIOUS_MOVE = YES;
				CLANG_WARN_UNGUARDED_AVAILABILITY = YES_AGGRESSIVE;
				CLANG_WARN_UNREACHABLE_CODE = YES;
				CLANG_WARN__DUPLICATE_METHOD_MATCH = YES;
				COPY_PHASE_STRIP = NO;
				DEBUG_INFORMATION_FORMAT = "dwarf-with-dsym";
				ENABLE_NS_ASSERTIONS = NO;
				ENABLE_STRICT_OBJC_MSGSEND = YES;
				ENABLE_USER_SCRIPT_SANDBOXING = YES;
				GCC_C_LANGUAGE_STANDARD = gnu17;
				GCC_NO_COMMON_BLOCKS = YES;
				GCC_WARN_64_TO_32_BIT_CONVERSION = YES;
				GCC_WARN_ABOUT_RETURN_TYPE = YES_ERROR;
				GCC_WARN_UNDECLARED_SELECTOR = YES;
				GCC_WARN_UNINITIALIZED_AUTOS = YES_AGGRESSIVE;
				GCC_WARN_UNUSED_FUNCTION = YES;
				GCC_WARN_UNUSED_VARIABLE = YES;
				IPHONEOS_DEPLOYMENT_TARGET = 18.1;
				LOCALIZATION_PREFERS_STRING_CATALOGS = YES;
				MTL_ENABLE_DEBUG_INFO = NO;
				MTL_FAST_MATH = YES;
				SDKROOT = iphoneos;
				VALIDATE_PRODUCT = YES;
			};
			name = Release;
		};
		550986942CEF541900FECBB8 /* Debug */ = {
			isa = XCBuildConfiguration;
			buildSettings = {
				CLANG_ENABLE_MODULES = YES;
				CODE_SIGN_STYLE = Automatic;
				OTHER_LDFLAGS = "-ObjC";
				PRODUCT_NAME = "$(TARGET_NAME)";
				SKIP_INSTALL = YES;
				SUPPORTED_PLATFORMS = "iphoneos iphonesimulator";
				SUPPORTS_MACCATALYST = NO;
				SUPPORTS_MAC_DESIGNED_FOR_IPHONE_IPAD = NO;
				SUPPORTS_XR_DESIGNED_FOR_IPHONE_IPAD = NO;
				SWIFT_OPTIMIZATION_LEVEL = "-Onone";
				SWIFT_VERSION = 6.0;
				TARGETED_DEVICE_FAMILY = "1,2";
			};
			name = Debug;
		};
		550986952CEF541900FECBB8 /* Release */ = {
			isa = XCBuildConfiguration;
			buildSettings = {
				CLANG_ENABLE_MODULES = YES;
				CODE_SIGN_STYLE = Automatic;
				OTHER_LDFLAGS = "-ObjC";
				PRODUCT_NAME = "$(TARGET_NAME)";
				SKIP_INSTALL = YES;
				SUPPORTED_PLATFORMS = "iphoneos iphonesimulator";
				SUPPORTS_MACCATALYST = NO;
				SUPPORTS_MAC_DESIGNED_FOR_IPHONE_IPAD = NO;
				SUPPORTS_XR_DESIGNED_FOR_IPHONE_IPAD = NO;
				SWIFT_VERSION = 6.0;
				TARGETED_DEVICE_FAMILY = "1,2";
			};
			name = Release;
		};
/* End XCBuildConfiguration section */

/* Begin XCConfigurationList section */
		550986842CEF541900FECBB8 /* Build configuration list for PBXProject "RnExecutorch" */ = {
			isa = XCConfigurationList;
			buildConfigurations = (
				550986912CEF541900FECBB8 /* Debug */,
				550986922CEF541900FECBB8 /* Release */,
			);
			defaultConfigurationIsVisible = 0;
			defaultConfigurationName = Release;
		};
		550986932CEF541900FECBB8 /* Build configuration list for PBXNativeTarget "RnExecutorch" */ = {
			isa = XCConfigurationList;
			buildConfigurations = (
				550986942CEF541900FECBB8 /* Debug */,
				550986952CEF541900FECBB8 /* Release */,
			);
			defaultConfigurationIsVisible = 0;
			defaultConfigurationName = Release;
		};
/* End XCConfigurationList section */
	};
	rootObject = 550986812CEF541900FECBB8 /* Project object */;
}
